{
    "_readme": [
        "This file locks the dependencies of your project to a known state",
        "Read more about it at https://getcomposer.org/doc/01-basic-usage.md#installing-dependencies",
        "This file is @generated automatically"
    ],
    "content-hash": "946a3e12a8d4cbe7b8f7d9084604edcb",
    "packages": [
        {
            "name": "nekman/luhn-algorithm",
            "version": "4.0.5",
            "source": {
                "type": "git",
                "url": "https://github.com/Ekman/Luhn-Algorithm.git",
                "reference": "a7d281ed0186aabcff719422ba5265ef21b5a34e"
            },
            "dist": {
                "type": "zip",
                "url": "https://api.github.com/repos/Ekman/Luhn-Algorithm/zipball/a7d281ed0186aabcff719422ba5265ef21b5a34e",
                "reference": "a7d281ed0186aabcff719422ba5265ef21b5a34e",
                "shasum": ""
            },
            "require": {
                "php": "^7.0"
            },
            "type": "library",
            "autoload": {
                "psr-4": {
                    "Nekman\\LuhnAlgorithm\\": "src"
                }
            },
            "notification-url": "https://packagist.org/downloads/",
            "license": [
                "MIT"
            ],
            "authors": [
                {
                    "name": "Niklas Ekman",
                    "email": "nikl.ekman@gmail.com"
                }
            ],
            "description": "Implementation of the Luhn algorithm in PHP. Used in validation of credit card numbers and some national identification numbers.",
            "keywords": [
                "card",
                "credit",
                "identification",
                "luhn",
                "validation"
            ],
            "time": "2018-11-23T08:07:42+00:00"
        }
    ],
    "packages-dev": [],
    "aliases": [],
    "minimum-stability": "stable",
    "stability-flags": [],
    "prefer-stable": false,
    "prefer-lowest": false,
    "platform": [],
    "platform-dev": []
}
